
Microsoft Visual Studio Solution File, Format Version 12.00
# Visual Studio Version 16
VisualStudioVersion = 16.0.30804.86
MinimumVisualStudioVersion = 10.0.40219.1
Project("{888888A0-9F3D-457C-B088-3A5042F75D52}") = "Chess_Game", "Chess_Game\Chess_Game.pyproj", "{B446C9E7-9249-4E13-BC77-71D92FCAAA40}"
EndProject
Global
	GlobalSection(SolutionConfigurationPlatforms) = preSolution
		Debug|Any CPU = Debug|Any CPU
		Release|Any CPU = Release|Any CPU
	EndGlobalSection
	GlobalSection(ProjectConfigurationPlatforms) = postSolution
		{B446C9E7-9249-4E13-BC77-71D92FCAAA40}.Debug|Any CPU.ActiveCfg = Debug|Any CPU
		{B446C9E7-9249-4E13-BC77-71D92FCAAA40}.Release|Any CPU.ActiveCfg = Release|Any CPU
	EndGlobalSection
	GlobalSection(SolutionProperties) = preSolution
		HideSolutionNode = FALSE
	EndGlobalSection
	GlobalSection(ExtensibilityGlobals) = postSolution
		SolutionGuid = {8B020728-E137-4DE6-A440-1D4AB0E6B7FA}
	EndGlobalSection
EndGlobal
